
Microsoft Visual Studio Solution File, Format Version 12.00
# Visual Studio Version 16
VisualStudioVersion = 16.0.30309.148
MinimumVisualStudioVersion = 10.0.40219.1
Project("{FAE04EC0-301F-11D3-BF4B-00C04F79EFBC}") = "BookStore.API", "BookStore.API\BookStore.API.csproj", "{64E4F553-5EDB-4131-B1C4-667D2F56D165}"
EndProject
Project("{FAE04EC0-301F-11D3-BF4B-00C04F79EFBC}") = "BookStore.Domain", "BookStore.Domain\BookStore.Domain.csproj", "{1E808EBE-38DE-406A-BB84-2EC82C84672E}"
EndProject
Project("{FAE04EC0-301F-11D3-BF4B-00C04F79EFBC}") = "BookStore.Repository", "BookStore.Repository\BookStore.Repository.csproj", "{D4F0B6F1-5BBD-4FBB-8A23-33F96DF5BD17}"
EndProject
Global
	GlobalSection(SolutionConfigurationPlatforms) = preSolution
		Debug|Any CPU = Debug|Any CPU
		Release|Any CPU = Release|Any CPU
	EndGlobalSection
	GlobalSection(ProjectConfigurationPlatforms) = postSolution
		{64E4F553-5EDB-4131-B1C4-667D2F56D165}.Debug|Any CPU.ActiveCfg = Debug|Any CPU
		{64E4F553-5EDB-4131-B1C4-667D2F56D165}.Debug|Any CPU.Build.0 = Debug|Any CPU
		{64E4F553-5EDB-4131-B1C4-667D2F56D165}.Release|Any CPU.ActiveCfg = Release|Any CPU
		{64E4F553-5EDB-4131-B1C4-667D2F56D165}.Release|Any CPU.Build.0 = Release|Any CPU
		{1E808EBE-38DE-406A-BB84-2EC82C84672E}.Debug|Any CPU.ActiveCfg = Debug|Any CPU
		{1E808EBE-38DE-406A-BB84-2EC82C84672E}.Debug|Any CPU.Build.0 = Debug|Any CPU
		{1E808EBE-38DE-406A-BB84-2EC82C84672E}.Release|Any CPU.ActiveCfg = Release|Any CPU
		{1E808EBE-38DE-406A-BB84-2EC82C84672E}.Release|Any CPU.Build.0 = Release|Any CPU
		{D4F0B6F1-5BBD-4FBB-8A23-33F96DF5BD17}.Debug|Any CPU.ActiveCfg = Debug|Any CPU
		{D4F0B6F1-5BBD-4FBB-8A23-33F96DF5BD17}.Debug|Any CPU.Build.0 = Debug|Any CPU
		{D4F0B6F1-5BBD-4FBB-8A23-33F96DF5BD17}.Release|Any CPU.ActiveCfg = Release|Any CPU
		{D4F0B6F1-5BBD-4FBB-8A23-33F96DF5BD17}.Release|Any CPU.Build.0 = Release|Any CPU
	EndGlobalSection
	GlobalSection(SolutionProperties) = preSolution
		HideSolutionNode = FALSE
	EndGlobalSection
	GlobalSection(ExtensibilityGlobals) = postSolution
		SolutionGuid = {D57CF77B-2DE5-49A1-B312-561560BA9D86}
	EndGlobalSection
EndGlobal
